
Microsoft Visual Studio Solution File, Format Version 12.00
Project("{FAE04EC0-301F-11D3-BF4B-00C04F79EFBC}") = "base64playground", "base64playground\base64playground.csproj", "{10CCF58F-F13F-4734-B252-DAC2B0D0146F}"
EndProject
Global
	GlobalSection(SolutionConfigurationPlatforms) = preSolution
		Debug|Any CPU = Debug|Any CPU
		Release|Any CPU = Release|Any CPU
	EndGlobalSection
	GlobalSection(ProjectConfigurationPlatforms) = postSolution
		{10CCF58F-F13F-4734-B252-DAC2B0D0146F}.Debug|Any CPU.ActiveCfg = Debug|Any CPU
		{10CCF58F-F13F-4734-B252-DAC2B0D0146F}.Debug|Any CPU.Build.0 = Debug|Any CPU
		{10CCF58F-F13F-4734-B252-DAC2B0D0146F}.Release|Any CPU.ActiveCfg = Release|Any CPU
		{10CCF58F-F13F-4734-B252-DAC2B0D0146F}.Release|Any CPU.Build.0 = Release|Any CPU
	EndGlobalSection
EndGlobal
